
Microsoft Visual Studio Solution File, Format Version 12.00
# Visual Studio 15
VisualStudioVersion = 15.0.26430.12
MinimumVisualStudioVersion = 10.0.40219.1
Project("{FAE04EC0-301F-11D3-BF4B-00C04F79EFBC}") = "WebApiForFlowTest", "WebApiForFlowTest\WebApiForFlowTest.csproj", "{C466EE19-DD41-4CE7-8490-816A419874DE}"
EndProject
Global
	GlobalSection(SolutionConfigurationPlatforms) = preSolution
		Debug|Any CPU = Debug|Any CPU
		Release|Any CPU = Release|Any CPU
	EndGlobalSection
	GlobalSection(ProjectConfigurationPlatforms) = postSolution
		{C466EE19-DD41-4CE7-8490-816A419874DE}.Debug|Any CPU.ActiveCfg = Debug|Any CPU
		{C466EE19-DD41-4CE7-8490-816A419874DE}.Debug|Any CPU.Build.0 = Debug|Any CPU
		{C466EE19-DD41-4CE7-8490-816A419874DE}.Release|Any CPU.ActiveCfg = Release|Any CPU
		{C466EE19-DD41-4CE7-8490-816A419874DE}.Release|Any CPU.Build.0 = Release|Any CPU
	EndGlobalSection
	GlobalSection(SolutionProperties) = preSolution
		HideSolutionNode = FALSE
	EndGlobalSection
EndGlobal
